{
  "version": 4,
  "terraform_version": "1.5.2",
  "serial": 127,
  "lineage": "59883471-78c0-53ee-ec07-27106c703fc6",
  "outputs": {},
  "resources": [
    {
      "mode": "managed",
      "type": "azurerm_linux_virtual_machine",
      "name": "my_terraform_vm",
      "provider": "provider[\"registry.terraform.io/hashicorp/azurerm\"]",
      "instances": [
        {
          "index_key": 0,
          "schema_version": 0,
          "attributes": {
            "additional_capabilities": [],
            "admin_password": null,
            "admin_ssh_key": [
              {
                "public_key": "ssh-rsa AAAAB3NzaC1yc2EAAAADAQABAAABgQCXD7uZFkm6odK1Fua5LwgTejXGVOlFlkqi6FXmv090f2+QguCsmpxMdxVXW4vtm9NioRXyH6qQeaDu3kpRUB/N0D8bgh7BWzpRDrN//+w1cnbjgEvfHfOo31Do/tcE9TxHaCPvrCiTZOaoWsJeY1o3VKKlXGlE1Cp36gJLVGMOZg/3+HAMcoBsdn5tkPsRwmoUMgqgEmX3kxIBo3VHcFRklWmuYARJ2a19PHHY5k0yXYbrrjsvAzEJ19nzibZtouEz5+Ua2eiTOfD17GeRxY6qRwqnztFsBkU7CVbaVMYYkSiZJOAktZC6QUzfQGzz9dJX8EARtpwLHf+SFsmc7SLGEHcpvEtijbBF+uuT0EX2WW6iEnLGynwxY0DtxVtOF3IrHq559vjWrSV573pgBsUD4xqIrQdgONKbC89wiCtVe7f8k2qGh9k8U4LvoCtvVDJgZI+/ATG6cfp2OELhoHHop1v3mrjvbesD1A/pjxdqWpJ5zWReDSFEuLMCNmVHBk0= root@ip-172-31-22-100\n",
                "username": "azureuser"
              }
            ],
            "admin_username": "azureuser",
            "allow_extension_operations": true,
            "availability_set_id": "",
            "boot_diagnostics": [],
            "capacity_reservation_group_id": "",
            "computer_name": "hsn-vm-cbre-uat-estus-1",
            "custom_data": null,
            "dedicated_host_group_id": "",
            "dedicated_host_id": "",
            "disable_password_authentication": true,
            "edge_zone": "",
            "encryption_at_host_enabled": false,
            "eviction_policy": "",
            "extensions_time_budget": "PT1H30M",
            "gallery_application": [],
            "id": "/subscriptions/d3d7e6ea-cb12-4863-b93c-937ab03d1aa6/resourceGroups/hsn-rg-cbre-estus/providers/Microsoft.Compute/virtualMachines/hsn-vm-cbre-uat-estus-1",
            "identity": [],
            "license_type": "",
            "location": "eastus",
            "max_bid_price": -1,
            "name": "hsn-vm-cbre-uat-estus-1",
            "network_interface_ids": [
              "/subscriptions/d3d7e6ea-cb12-4863-b93c-937ab03d1aa6/resourceGroups/hsn-rg-cbre-estus/providers/Microsoft.Network/networkInterfaces/hsn-nic-cbre-uat-estus"
            ],
            "os_disk": [
              {
                "caching": "ReadWrite",
                "diff_disk_settings": [],
                "disk_encryption_set_id": "",
                "disk_size_gb": 30,
                "name": "hsn-disk-cbre-uat-estus-1",
                "secure_vm_disk_encryption_set_id": "",
                "security_encryption_type": "",
                "storage_account_type": "Premium_LRS",
                "write_accelerator_enabled": false
              }
            ],
            "patch_assessment_mode": "ImageDefault",
            "patch_mode": "ImageDefault",
            "plan": [],
            "platform_fault_domain": -1,
            "priority": "Regular",
            "private_ip_address": "10.0.1.4",
            "private_ip_addresses": [
              "10.0.1.4"
            ],
            "provision_vm_agent": true,
            "proximity_placement_group_id": "",
            "public_ip_address": "40.87.24.190",
            "public_ip_addresses": [
              "40.87.24.190"
            ],
            "resource_group_name": "hsn-rg-cbre-estus",
            "secret": [],
            "secure_boot_enabled": false,
            "size": "Standard_B2s",
            "source_image_id": "",
            "source_image_reference": [
              {
                "offer": "0001-com-ubuntu-server-focal",
                "publisher": "Canonical",
                "sku": "20_04-lts-gen2",
                "version": "latest"
              }
            ],
            "tags": null,
            "termination_notification": null,
            "timeouts": null,
            "user_data": "",
            "virtual_machine_id": "01d76645-e74a-4f93-b15d-c99d453f7ea7",
            "virtual_machine_scale_set_id": "",
            "vtpm_enabled": false,
            "zone": ""
          },
          "sensitive_attributes": [],
          "private": "eyJlMmJmYjczMC1lY2FhLTExZTYtOGY4OC0zNDM2M2JjN2M0YzAiOnsiY3JlYXRlIjoyNzAwMDAwMDAwMDAwLCJkZWxldGUiOjI3MDAwMDAwMDAwMDAsInJlYWQiOjMwMDAwMDAwMDAwMCwidXBkYXRlIjoyNzAwMDAwMDAwMDAwfX0=",
          "dependencies": [
            "azurerm_network_interface.my_terraform_nic",
            "azurerm_public_ip.my_terraform_public_ip",
            "azurerm_resource_group.rg",
            "azurerm_subnet.subnet",
            "azurerm_virtual_network.vnet"
          ]
        }
      ]
    },
    {
      "mode": "managed",
      "type": "azurerm_network_interface",
      "name": "my_terraform_nic",
      "provider": "provider[\"registry.terraform.io/hashicorp/azurerm\"]",
      "instances": [
        {
          "schema_version": 0,
          "attributes": {
            "applied_dns_servers": [],
            "dns_servers": [],
            "edge_zone": "",
            "enable_accelerated_networking": false,
            "enable_ip_forwarding": false,
            "id": "/subscriptions/d3d7e6ea-cb12-4863-b93c-937ab03d1aa6/resourceGroups/hsn-rg-cbre-estus/providers/Microsoft.Network/networkInterfaces/hsn-nic-cbre-uat-estus",
            "internal_dns_name_label": "",
            "internal_domain_name_suffix": "xpvcixpxmxeejig2jjukg2r0wf.bx.internal.cloudapp.net",
            "ip_configuration": [
              {
                "gateway_load_balancer_frontend_ip_configuration_id": "",
                "name": "my_nic_configuration",
                "primary": true,
                "private_ip_address": "10.0.1.4",
                "private_ip_address_allocation": "Dynamic",
                "private_ip_address_version": "IPv4",
                "public_ip_address_id": "/subscriptions/d3d7e6ea-cb12-4863-b93c-937ab03d1aa6/resourceGroups/hsn-rg-cbre-estus/providers/Microsoft.Network/publicIPAddresses/hsn-ip-cbre-uat-estus",
                "subnet_id": "/subscriptions/d3d7e6ea-cb12-4863-b93c-937ab03d1aa6/resourceGroups/hsn-rg-cbre-estus/providers/Microsoft.Network/virtualNetworks/hsn-vnet-cbre-uat-estus/subnets/hsn-subnet-cbre-uat-estus"
              }
            ],
            "location": "eastus",
            "mac_address": "",
            "name": "hsn-nic-cbre-uat-estus",
            "private_ip_address": "10.0.1.4",
            "private_ip_addresses": [
              "10.0.1.4"
            ],
            "resource_group_name": "hsn-rg-cbre-estus",
            "tags": null,
            "timeouts": null,
            "virtual_machine_id": ""
          },
          "sensitive_attributes": [],
          "private": "eyJlMmJmYjczMC1lY2FhLTExZTYtOGY4OC0zNDM2M2JjN2M0YzAiOnsiY3JlYXRlIjoxODAwMDAwMDAwMDAwLCJkZWxldGUiOjE4MDAwMDAwMDAwMDAsInJlYWQiOjMwMDAwMDAwMDAwMCwidXBkYXRlIjoxODAwMDAwMDAwMDAwfX0=",
          "dependencies": [
            "azurerm_public_ip.my_terraform_public_ip",
            "azurerm_resource_group.rg",
            "azurerm_subnet.subnet",
            "azurerm_virtual_network.vnet"
          ]
        }
      ]
    },
    {
      "mode": "managed",
      "type": "azurerm_network_interface_security_group_association",
      "name": "example",
      "provider": "provider[\"registry.terraform.io/hashicorp/azurerm\"]",
      "instances": [
        {
          "schema_version": 0,
          "attributes": {
            "id": "/subscriptions/d3d7e6ea-cb12-4863-b93c-937ab03d1aa6/resourceGroups/hsn-rg-cbre-estus/providers/Microsoft.Network/networkInterfaces/hsn-nic-cbre-uat-estus|/subscriptions/d3d7e6ea-cb12-4863-b93c-937ab03d1aa6/resourceGroups/hsn-rg-cbre-estus/providers/Microsoft.Network/networkSecurityGroups/hsn-nsg-cbre-uat-estus",
            "network_interface_id": "/subscriptions/d3d7e6ea-cb12-4863-b93c-937ab03d1aa6/resourceGroups/hsn-rg-cbre-estus/providers/Microsoft.Network/networkInterfaces/hsn-nic-cbre-uat-estus",
            "network_security_group_id": "/subscriptions/d3d7e6ea-cb12-4863-b93c-937ab03d1aa6/resourceGroups/hsn-rg-cbre-estus/providers/Microsoft.Network/networkSecurityGroups/hsn-nsg-cbre-uat-estus",
            "timeouts": null
          },
          "sensitive_attributes": [],
          "private": "eyJlMmJmYjczMC1lY2FhLTExZTYtOGY4OC0zNDM2M2JjN2M0YzAiOnsiY3JlYXRlIjoxODAwMDAwMDAwMDAwLCJkZWxldGUiOjE4MDAwMDAwMDAwMDAsInJlYWQiOjMwMDAwMDAwMDAwMCwidXBkYXRlIjoxODAwMDAwMDAwMDAwfX0=",
          "dependencies": [
            "azurerm_network_interface.my_terraform_nic",
            "azurerm_network_security_group.my_terraform_nsg",
            "azurerm_public_ip.my_terraform_public_ip",
            "azurerm_resource_group.rg",
            "azurerm_subnet.subnet",
            "azurerm_virtual_network.vnet"
          ]
        }
      ]
    },
    {
      "mode": "managed",
      "type": "azurerm_network_security_group",
      "name": "my_terraform_nsg",
      "provider": "provider[\"registry.terraform.io/hashicorp/azurerm\"]",
      "instances": [
        {
          "schema_version": 0,
          "attributes": {
            "id": "/subscriptions/d3d7e6ea-cb12-4863-b93c-937ab03d1aa6/resourceGroups/hsn-rg-cbre-estus/providers/Microsoft.Network/networkSecurityGroups/hsn-nsg-cbre-uat-estus",
            "location": "eastus",
            "name": "hsn-nsg-cbre-uat-estus",
            "resource_group_name": "hsn-rg-cbre-estus",
            "security_rule": [
              {
                "access": "Allow",
                "description": "",
                "destination_address_prefix": "*",
                "destination_address_prefixes": [],
                "destination_application_security_group_ids": [],
                "destination_port_range": "22",
                "destination_port_ranges": [],
                "direction": "Inbound",
                "name": "SSH",
                "priority": 100,
                "protocol": "Tcp",
                "source_address_prefix": "*",
                "source_address_prefixes": [],
                "source_application_security_group_ids": [],
                "source_port_range": "*",
                "source_port_ranges": []
              },
              {
                "access": "Allow",
                "description": "",
                "destination_address_prefix": "*",
                "destination_address_prefixes": [],
                "destination_application_security_group_ids": [],
                "destination_port_range": "443",
                "destination_port_ranges": [],
                "direction": "Inbound",
                "name": "allow_https",
                "priority": 101,
                "protocol": "Tcp",
                "source_address_prefix": "*",
                "source_address_prefixes": [],
                "source_application_security_group_ids": [],
                "source_port_range": "*",
                "source_port_ranges": []
              }
            ],
            "tags": null,
            "timeouts": null
          },
          "sensitive_attributes": [],
          "private": "eyJlMmJmYjczMC1lY2FhLTExZTYtOGY4OC0zNDM2M2JjN2M0YzAiOnsiY3JlYXRlIjoxODAwMDAwMDAwMDAwLCJkZWxldGUiOjE4MDAwMDAwMDAwMDAsInJlYWQiOjMwMDAwMDAwMDAwMCwidXBkYXRlIjoxODAwMDAwMDAwMDAwfX0=",
          "dependencies": [
            "azurerm_resource_group.rg"
          ]
        }
      ]
    },
    {
      "mode": "managed",
      "type": "azurerm_public_ip",
      "name": "my_terraform_public_ip",
      "provider": "provider[\"registry.terraform.io/hashicorp/azurerm\"]",
      "instances": [
        {
          "schema_version": 0,
          "attributes": {
            "allocation_method": "Dynamic",
            "ddos_protection_mode": "VirtualNetworkInherited",
            "ddos_protection_plan_id": null,
            "domain_name_label": null,
            "edge_zone": "",
            "fqdn": null,
            "id": "/subscriptions/d3d7e6ea-cb12-4863-b93c-937ab03d1aa6/resourceGroups/hsn-rg-cbre-estus/providers/Microsoft.Network/publicIPAddresses/hsn-ip-cbre-uat-estus",
            "idle_timeout_in_minutes": 4,
            "ip_address": "",
            "ip_tags": null,
            "ip_version": "IPv4",
            "location": "eastus",
            "name": "hsn-ip-cbre-uat-estus",
            "public_ip_prefix_id": null,
            "resource_group_name": "hsn-rg-cbre-estus",
            "reverse_fqdn": null,
            "sku": "Basic",
            "sku_tier": "Regional",
            "tags": null,
            "timeouts": null,
            "zones": null
          },
          "sensitive_attributes": [],
          "private": "eyJlMmJmYjczMC1lY2FhLTExZTYtOGY4OC0zNDM2M2JjN2M0YzAiOnsiY3JlYXRlIjoxODAwMDAwMDAwMDAwLCJkZWxldGUiOjE4MDAwMDAwMDAwMDAsInJlYWQiOjMwMDAwMDAwMDAwMCwidXBkYXRlIjoxODAwMDAwMDAwMDAwfX0=",
          "dependencies": [
            "azurerm_resource_group.rg"
          ]
        }
      ]
    },
    {
      "mode": "managed",
      "type": "azurerm_resource_group",
      "name": "rg",
      "provider": "provider[\"registry.terraform.io/hashicorp/azurerm\"]",
      "instances": [
        {
          "schema_version": 0,
          "attributes": {
            "id": "/subscriptions/d3d7e6ea-cb12-4863-b93c-937ab03d1aa6/resourceGroups/hsn-rg-cbre-estus",
            "location": "eastus",
            "managed_by": "",
            "name": "hsn-rg-cbre-estus",
            "tags": null,
            "timeouts": null
          },
          "sensitive_attributes": [],
          "private": "eyJlMmJmYjczMC1lY2FhLTExZTYtOGY4OC0zNDM2M2JjN2M0YzAiOnsiY3JlYXRlIjo1NDAwMDAwMDAwMDAwLCJkZWxldGUiOjU0MDAwMDAwMDAwMDAsInJlYWQiOjMwMDAwMDAwMDAwMCwidXBkYXRlIjo1NDAwMDAwMDAwMDAwfX0="
        }
      ]
    },
    {
      "mode": "managed",
      "type": "azurerm_subnet",
      "name": "subnet",
      "provider": "provider[\"registry.terraform.io/hashicorp/azurerm\"]",
      "instances": [
        {
          "schema_version": 0,
          "attributes": {
            "address_prefixes": [
              "10.0.1.0/24"
            ],
            "delegation": [],
            "enforce_private_link_endpoint_network_policies": false,
            "enforce_private_link_service_network_policies": false,
            "id": "/subscriptions/d3d7e6ea-cb12-4863-b93c-937ab03d1aa6/resourceGroups/hsn-rg-cbre-estus/providers/Microsoft.Network/virtualNetworks/hsn-vnet-cbre-uat-estus/subnets/hsn-subnet-cbre-uat-estus",
            "name": "hsn-subnet-cbre-uat-estus",
            "private_endpoint_network_policies_enabled": true,
            "private_link_service_network_policies_enabled": true,
            "resource_group_name": "hsn-rg-cbre-estus",
            "service_endpoint_policy_ids": null,
            "service_endpoints": null,
            "timeouts": null,
            "virtual_network_name": "hsn-vnet-cbre-uat-estus"
          },
          "sensitive_attributes": [],
          "private": "eyJlMmJmYjczMC1lY2FhLTExZTYtOGY4OC0zNDM2M2JjN2M0YzAiOnsiY3JlYXRlIjoxODAwMDAwMDAwMDAwLCJkZWxldGUiOjE4MDAwMDAwMDAwMDAsInJlYWQiOjMwMDAwMDAwMDAwMCwidXBkYXRlIjoxODAwMDAwMDAwMDAwfX0=",
          "dependencies": [
            "azurerm_resource_group.rg",
            "azurerm_virtual_network.vnet"
          ]
        }
      ]
    },
    {
      "mode": "managed",
      "type": "azurerm_virtual_network",
      "name": "vnet",
      "provider": "provider[\"registry.terraform.io/hashicorp/azurerm\"]",
      "instances": [
        {
          "schema_version": 0,
          "attributes": {
            "address_space": [
              "10.0.0.0/16"
            ],
            "bgp_community": "",
            "ddos_protection_plan": [],
            "dns_servers": [],
            "edge_zone": "",
            "flow_timeout_in_minutes": 0,
            "guid": "5d24eabb-65f7-44c8-a0dc-4a68a3723ab5",
            "id": "/subscriptions/d3d7e6ea-cb12-4863-b93c-937ab03d1aa6/resourceGroups/hsn-rg-cbre-estus/providers/Microsoft.Network/virtualNetworks/hsn-vnet-cbre-uat-estus",
            "location": "eastus",
            "name": "hsn-vnet-cbre-uat-estus",
            "resource_group_name": "hsn-rg-cbre-estus",
            "subnet": [],
            "tags": null,
            "timeouts": null
          },
          "sensitive_attributes": [],
          "private": "eyJlMmJmYjczMC1lY2FhLTExZTYtOGY4OC0zNDM2M2JjN2M0YzAiOnsiY3JlYXRlIjoxODAwMDAwMDAwMDAwLCJkZWxldGUiOjE4MDAwMDAwMDAwMDAsInJlYWQiOjMwMDAwMDAwMDAwMCwidXBkYXRlIjoxODAwMDAwMDAwMDAwfX0=",
          "dependencies": [
            "azurerm_resource_group.rg"
          ]
        }
      ]
    }
  ],
  "check_results": null
}
